// !$*UTF8*$!
{
	archiveVersion = 1;
	classes = {
	};
	objectVersion = 55;
	objects = {

/* Begin PBXBuildFile section */
		A03E47E52850FE7D00C8B1FA /* AppDelegate.swift in Sources */ = {isa = PBXBuildFile; fileRef = A03E47E42850FE7D00C8B1FA /* AppDelegate.swift */; };
		A03E47E72850FE7D00C8B1FA /* GameScene.sks in Resources */ = {isa = PBXBuildFile; fileRef = A03E47E62850FE7D00C8B1FA /* GameScene.sks */; };
		A03E47E92850FE7D00C8B1FA /* Actions.sks in Resources */ = {isa = PBXBuildFile; fileRef = A03E47E82850FE7D00C8B1FA /* Actions.sks */; };
		A03E47EB2850FE7D00C8B1FA /* GameScene.swift in Sources */ = {isa = PBXBuildFile; fileRef = A03E47EA2850FE7D00C8B1FA /* GameScene.swift */; };
		A03E47ED2850FE7D00C8B1FA /* GameViewController.swift in Sources */ = {isa = PBXBuildFile; fileRef = A03E47EC2850FE7D00C8B1FA /* GameViewController.swift */; };
		A03E47F02850FE7D00C8B1FA /* Main.storyboard in Resources */ = {isa = PBXBuildFile; fileRef = A03E47EE2850FE7D00C8B1FA /* Main.storyboard */; };
		A03E47F22850FE8100C8B1FA /* Assets.xcassets in Resources */ = {isa = PBXBuildFile; fileRef = A03E47F12850FE8100C8B1FA /* Assets.xcassets */; };
		A03E47F52850FE8100C8B1FA /* LaunchScreen.storyboard in Resources */ = {isa = PBXBuildFile; fileRef = A03E47F32850FE8100C8B1FA /* LaunchScreen.storyboard */; };
		A03E48062851007D00C8B1FA /* swoosh1.caf in Resources */ = {isa = PBXBuildFile; fileRef = A03E47FB2851007C00C8B1FA /* swoosh1.caf */; };
		A03E48072851007D00C8B1FA /* whack.caf in Resources */ = {isa = PBXBuildFile; fileRef = A03E47FC2851007C00C8B1FA /* whack.caf */; };
		A03E48082851007D00C8B1FA /* wrong.caf in Resources */ = {isa = PBXBuildFile; fileRef = A03E47FD2851007C00C8B1FA /* wrong.caf */; };
		A03E48092851007D00C8B1FA /* launch.caf in Resources */ = {isa = PBXBuildFile; fileRef = A03E47FE2851007C00C8B1FA /* launch.caf */; };
		A03E480A2851007D00C8B1FA /* explosion.caf in Resources */ = {isa = PBXBuildFile; fileRef = A03E47FF2851007C00C8B1FA /* explosion.caf */; };
		A03E480B2851007D00C8B1FA /* swoosh2.caf in Resources */ = {isa = PBXBuildFile; fileRef = A03E48002851007C00C8B1FA /* swoosh2.caf */; };
		A03E480C2851007D00C8B1FA /* sliceHitBomb.sks in Resources */ = {isa = PBXBuildFile; fileRef = A03E48012851007D00C8B1FA /* sliceHitBomb.sks */; };
		A03E480D2851007D00C8B1FA /* swoosh3.caf in Resources */ = {isa = PBXBuildFile; fileRef = A03E48022851007D00C8B1FA /* swoosh3.caf */; };
		A03E480E2851007D00C8B1FA /* sliceHitEnemy.sks in Resources */ = {isa = PBXBuildFile; fileRef = A03E48032851007D00C8B1FA /* sliceHitEnemy.sks */; };
		A03E480F2851007D00C8B1FA /* sliceBombFuse.caf in Resources */ = {isa = PBXBuildFile; fileRef = A03E48042851007D00C8B1FA /* sliceBombFuse.caf */; };
		A03E48102851007D00C8B1FA /* sliceFuse.sks in Resources */ = {isa = PBXBuildFile; fileRef = A03E48052851007D00C8B1FA /* sliceFuse.sks */; };
/* End PBXBuildFile section */

/* Begin PBXFileReference section */
		A03E47E12850FE7D00C8B1FA /* Falzone 2.app */ = {isa = PBXFileReference; explicitFileType = wrapper.application; includeInIndex = 0; path = "Falzone 2.app"; sourceTree = BUILT_PRODUCTS_DIR; };
		A03E47E42850FE7D00C8B1FA /* AppDelegate.swift */ = {isa = PBXFileReference; lastKnownFileType = sourcecode.swift; path = AppDelegate.swift; sourceTree = "<group>"; };
		A03E47E62850FE7D00C8B1FA /* GameScene.sks */ = {isa = PBXFileReference; lastKnownFileType = file.sks; path = GameScene.sks; sourceTree = "<group>"; };
		A03E47E82850FE7D00C8B1FA /* Actions.sks */ = {isa = PBXFileReference; lastKnownFileType = file.sks; path = Actions.sks; sourceTree = "<group>"; };
		A03E47EA2850FE7D00C8B1FA /* GameScene.swift */ = {isa = PBXFileReference; lastKnownFileType = sourcecode.swift; path = GameScene.swift; sourceTree = "<group>"; };
		A03E47EC2850FE7D00C8B1FA /* GameViewController.swift */ = {isa = PBXFileReference; lastKnownFileType = sourcecode.swift; path = GameViewController.swift; sourceTree = "<group>"; };
		A03E47EF2850FE7D00C8B1FA /* Base */ = {isa = PBXFileReference; lastKnownFileType = file.storyboard; name = Base; path = Base.lproj/Main.storyboard; sourceTree = "<group>"; };
		A03E47F12850FE8100C8B1FA /* Assets.xcassets */ = {isa = PBXFileReference; lastKnownFileType = folder.assetcatalog; path = Assets.xcassets; sourceTree = "<group>"; };
		A03E47F42850FE8100C8B1FA /* Base */ = {isa = PBXFileReference; lastKnownFileType = file.storyboard; name = Base; path = Base.lproj/LaunchScreen.storyboard; sourceTree = "<group>"; };
		A03E47FB2851007C00C8B1FA /* swoosh1.caf */ = {isa = PBXFileReference; lastKnownFileType = file; path = swoosh1.caf; sourceTree = "<group>"; };
		A03E47FC2851007C00C8B1FA /* whack.caf */ = {isa = PBXFileReference; lastKnownFileType = file; path = whack.caf; sourceTree = "<group>"; };
		A03E47FD2851007C00C8B1FA /* wrong.caf */ = {isa = PBXFileReference; lastKnownFileType = file; path = wrong.caf; sourceTree = "<group>"; };
		A03E47FE2851007C00C8B1FA /* launch.caf */ = {isa = PBXFileReference; lastKnownFileType = file; path = launch.caf; sourceTree = "<group>"; };
		A03E47FF2851007C00C8B1FA /* explosion.caf */ = {isa = PBXFileReference; lastKnownFileType = file; path = explosion.caf; sourceTree = "<group>"; };
		A03E48002851007C00C8B1FA /* swoosh2.caf */ = {isa = PBXFileReference; lastKnownFileType = file; path = swoosh2.caf; sourceTree = "<group>"; };
		A03E48012851007D00C8B1FA /* sliceHitBomb.sks */ = {isa = PBXFileReference; lastKnownFileType = file.sks; path = sliceHitBomb.sks; sourceTree = "<group>"; };
		A03E48022851007D00C8B1FA /* swoosh3.caf */ = {isa = PBXFileReference; lastKnownFileType = file; path = swoosh3.caf; sourceTree = "<group>"; };
		A03E48032851007D00C8B1FA /* sliceHitEnemy.sks */ = {isa = PBXFileReference; lastKnownFileType = file.sks; path = sliceHitEnemy.sks; sourceTree = "<group>"; };
		A03E48042851007D00C8B1FA /* sliceBombFuse.caf */ = {isa = PBXFileReference; lastKnownFileType = file; path = sliceBombFuse.caf; sourceTree = "<group>"; };
		A03E48052851007D00C8B1FA /* sliceFuse.sks */ = {isa = PBXFileReference; lastKnownFileType = file.sks; path = sliceFuse.sks; sourceTree = "<group>"; };
/* End PBXFileReference section */

/* Begin PBXFrameworksBuildPhase section */
		A03E47DE2850FE7D00C8B1FA /* Frameworks */ = {
			isa = PBXFrameworksBuildPhase;
			buildActionMask = 2147483647;
			files = (
			);
			runOnlyForDeploymentPostprocessing = 0;
		};
/* End PBXFrameworksBuildPhase section */

/* Begin PBXGroup section */
		A03E47D82850FE7D00C8B1FA = {
			isa = PBXGroup;
			children = (
				A03E47E32850FE7D00C8B1FA /* Falzone 2 */,
				A03E47E22850FE7D00C8B1FA /* Products */,
			);
			sourceTree = "<group>";
		};
		A03E47E22850FE7D00C8B1FA /* Products */ = {
			isa = PBXGroup;
			children = (
				A03E47E12850FE7D00C8B1FA /* Falzone 2.app */,
			);
			name = Products;
			sourceTree = "<group>";
		};
		A03E47E32850FE7D00C8B1FA /* Falzone 2 */ = {
			isa = PBXGroup;
			children = (
				A03E47E42850FE7D00C8B1FA /* AppDelegate.swift */,
				A03E47E62850FE7D00C8B1FA /* GameScene.sks */,
				A03E47E82850FE7D00C8B1FA /* Actions.sks */,
				A03E47EA2850FE7D00C8B1FA /* GameScene.swift */,
				A03E47EC2850FE7D00C8B1FA /* GameViewController.swift */,
				A03E47EE2850FE7D00C8B1FA /* Main.storyboard */,
				A03E47F12850FE8100C8B1FA /* Assets.xcassets */,
				A03E47F32850FE8100C8B1FA /* LaunchScreen.storyboard */,
				A03E47FF2851007C00C8B1FA /* explosion.caf */,
				A03E47FE2851007C00C8B1FA /* launch.caf */,
				A03E48042851007D00C8B1FA /* sliceBombFuse.caf */,
				A03E48052851007D00C8B1FA /* sliceFuse.sks */,
				A03E48012851007D00C8B1FA /* sliceHitBomb.sks */,
				A03E48032851007D00C8B1FA /* sliceHitEnemy.sks */,
				A03E47FB2851007C00C8B1FA /* swoosh1.caf */,
				A03E48002851007C00C8B1FA /* swoosh2.caf */,
				A03E48022851007D00C8B1FA /* swoosh3.caf */,
				A03E47FC2851007C00C8B1FA /* whack.caf */,
				A03E47FD2851007C00C8B1FA /* wrong.caf */,
			);
			path = "Falzone 2";
			sourceTree = "<group>";
		};
/* End PBXGroup section */

/* Begin PBXNativeTarget section */
		A03E47E02850FE7D00C8B1FA /* Falzone 2 */ = {
			isa = PBXNativeTarget;
			buildConfigurationList = A03E47F82850FE8100C8B1FA /* Build configuration list for PBXNativeTarget "Falzone 2" */;
			buildPhases = (
				A03E47DD2850FE7D00C8B1FA /* Sources */,
				A03E47DE2850FE7D00C8B1FA /* Frameworks */,
				A03E47DF2850FE7D00C8B1FA /* Resources */,
			);
			buildRules = (
			);
			dependencies = (
			);
			name = "Falzone 2";
			productName = "Falzone 2";
			productReference = A03E47E12850FE7D00C8B1FA /* Falzone 2.app */;
			productType = "com.apple.product-type.application";
		};
/* End PBXNativeTarget section */

/* Begin PBXProject section */
		A03E47D92850FE7D00C8B1FA /* Project object */ = {
			isa = PBXProject;
			attributes = {
				BuildIndependentTargetsInParallel = 1;
				LastSwiftUpdateCheck = 1330;
				LastUpgradeCheck = 1330;
				TargetAttributes = {
					A03E47E02850FE7D00C8B1FA = {
						CreatedOnToolsVersion = 13.3;
					};
				};
			};
			buildConfigurationList = A03E47DC2850FE7D00C8B1FA /* Build configuration list for PBXProject "Falzone 2" */;
			compatibilityVersion = "Xcode 13.0";
			developmentRegion = en;
			hasScannedForEncodings = 0;
			knownRegions = (
				en,
				Base,
			);
			mainGroup = A03E47D82850FE7D00C8B1FA;
			productRefGroup = A03E47E22850FE7D00C8B1FA /* Products */;
			projectDirPath = "";
			projectRoot = "";
			targets = (
				A03E47E02850FE7D00C8B1FA /* Falzone 2 */,
			);
		};
/* End PBXProject section */

/* Begin PBXResourcesBuildPhase section */
		A03E47DF2850FE7D00C8B1FA /* Resources */ = {
			isa = PBXResourcesBuildPhase;
			buildActionMask = 2147483647;
			files = (
				A03E480F2851007D00C8B1FA /* sliceBombFuse.caf in Resources */,
				A03E480C2851007D00C8B1FA /* sliceHitBomb.sks in Resources */,
				A03E480E2851007D00C8B1FA /* sliceHitEnemy.sks in Resources */,
				A03E47F02850FE7D00C8B1FA /* Main.storyboard in Resources */,
				A03E47E72850FE7D00C8B1FA /* GameScene.sks in Resources */,
				A03E480B2851007D00C8B1FA /* swoosh2.caf in Resources */,
				A03E480A2851007D00C8B1FA /* explosion.caf in Resources */,
				A03E48072851007D00C8B1FA /* whack.caf in Resources */,
				A03E47F22850FE8100C8B1FA /* Assets.xcassets in Resources */,
				A03E47F52850FE8100C8B1FA /* LaunchScreen.storyboard in Resources */,
				A03E47E92850FE7D00C8B1FA /* Actions.sks in Resources */,
				A03E48082851007D00C8B1FA /* wrong.caf in Resources */,
				A03E480D2851007D00C8B1FA /* swoosh3.caf in Resources */,
				A03E48092851007D00C8B1FA /* launch.caf in Resources */,
				A03E48062851007D00C8B1FA /* swoosh1.caf in Resources */,
				A03E48102851007D00C8B1FA /* sliceFuse.sks in Resources */,
			);
			runOnlyForDeploymentPostprocessing = 0;
		};
/* End PBXResourcesBuildPhase section */

/* Begin PBXSourcesBuildPhase section */
		A03E47DD2850FE7D00C8B1FA /* Sources */ = {
			isa = PBXSourcesBuildPhase;
			buildActionMask = 2147483647;
			files = (
				A03E47EB2850FE7D00C8B1FA /* GameScene.swift in Sources */,
				A03E47ED2850FE7D00C8B1FA /* GameViewController.swift in Sources */,
				A03E47E52850FE7D00C8B1FA /* AppDelegate.swift in Sources */,
			);
			runOnlyForDeploymentPostprocessing = 0;
		};
/* End PBXSourcesBuildPhase section */

/* Begin PBXVariantGroup section */
		A03E47EE2850FE7D00C8B1FA /* Main.storyboard */ = {
			isa = PBXVariantGroup;
			children = (
				A03E47EF2850FE7D00C8B1FA /* Base */,
			);
			name = Main.storyboard;
			sourceTree = "<group>";
		};
		A03E47F32850FE8100C8B1FA /* LaunchScreen.storyboard */ = {
			isa = PBXVariantGroup;
			children = (
				A03E47F42850FE8100C8B1FA /* Base */,
			);
			name = LaunchScreen.storyboard;
			sourceTree = "<group>";
		};
/* End PBXVariantGroup section */

/* Begin XCBuildConfiguration section */
		A03E47F62850FE8100C8B1FA /* Debug */ = {
			isa = XCBuildConfiguration;
			buildSettings = {
				ALWAYS_SEARCH_USER_PATHS = NO;
				CLANG_ANALYZER_NONNULL = YES;
				CLANG_ANALYZER_NUMBER_OBJECT_CONVERSION = YES_AGGRESSIVE;
				CLANG_CXX_LANGUAGE_STANDARD = "gnu++17";
				CLANG_ENABLE_MODULES = YES;
				CLANG_ENABLE_OBJC_ARC = YES;
				CLANG_ENABLE_OBJC_WEAK = YES;
				CLANG_WARN_BLOCK_CAPTURE_AUTORELEASING = YES;
				CLANG_WARN_BOOL_CONVERSION = YES;
				CLANG_WARN_COMMA = YES;
				CLANG_WARN_CONSTANT_CONVERSION = YES;
				CLANG_WARN_DEPRECATED_OBJC_IMPLEMENTATIONS = YES;
				CLANG_WARN_DIRECT_OBJC_ISA_USAGE = YES_ERROR;
				CLANG_WARN_DOCUMENTATION_COMMENTS = YES;
				CLANG_WARN_EMPTY_BODY = YES;
				CLANG_WARN_ENUM_CONVERSION = YES;
				CLANG_WARN_INFINITE_RECURSION = YES;
				CLANG_WARN_INT_CONVERSION = YES;
				CLANG_WARN_NON_LITERAL_NULL_CONVERSION = YES;
				CLANG_WARN_OBJC_IMPLICIT_RETAIN_SELF = YES;
				CLANG_WARN_OBJC_LITERAL_CONVERSION = YES;
				CLANG_WARN_OBJC_ROOT_CLASS = YES_ERROR;
				CLANG_WARN_QUOTED_INCLUDE_IN_FRAMEWORK_HEADER = YES;
				CLANG_WARN_RANGE_LOOP_ANALYSIS = YES;
				CLANG_WARN_STRICT_PROTOTYPES = YES;
				CLANG_WARN_SUSPICIOUS_MOVE = YES;
				CLANG_WARN_UNGUARDED_AVAILABILITY = YES_AGGRESSIVE;
				CLANG_WARN_UNREACHABLE_CODE = YES;
				CLANG_WARN__DUPLICATE_METHOD_MATCH = YES;
				COPY_PHASE_STRIP = NO;
				DEBUG_INFORMATION_FORMAT = dwarf;
				ENABLE_STRICT_OBJC_MSGSEND = YES;
				ENABLE_TESTABILITY = YES;
				GCC_C_LANGUAGE_STANDARD = gnu11;
				GCC_DYNAMIC_NO_PIC = NO;
				GCC_NO_COMMON_BLOCKS = YES;
				GCC_OPTIMIZATION_LEVEL = 0;
				GCC_PREPROCESSOR_DEFINITIONS = (
					"DEBUG=1",
					"$(inherited)",
				);
				GCC_WARN_64_TO_32_BIT_CONVERSION = YES;
				GCC_WARN_ABOUT_RETURN_TYPE = YES_ERROR;
				GCC_WARN_UNDECLARED_SELECTOR = YES;
				GCC_WARN_UNINITIALIZED_AUTOS = YES_AGGRESSIVE;
				GCC_WARN_UNUSED_FUNCTION = YES;
				GCC_WARN_UNUSED_VARIABLE = YES;
				IPHONEOS_DEPLOYMENT_TARGET = 15.4;
				MTL_ENABLE_DEBUG_INFO = INCLUDE_SOURCE;
				MTL_FAST_MATH = YES;
				ONLY_ACTIVE_ARCH = YES;
				SDKROOT = iphoneos;
				SWIFT_ACTIVE_COMPILATION_CONDITIONS = DEBUG;
				SWIFT_OPTIMIZATION_LEVEL = "-Onone";
			};
			name = Debug;
		};
		A03E47F72850FE8100C8B1FA /* Release */ = {
			isa = XCBuildConfiguration;
			buildSettings = {
				ALWAYS_SEARCH_USER_PATHS = NO;
				CLANG_ANALYZER_NONNULL = YES;
				CLANG_ANALYZER_NUMBER_OBJECT_CONVERSION = YES_AGGRESSIVE;
				CLANG_CXX_LANGUAGE_STANDARD = "gnu++17";
				CLANG_ENABLE_MODULES = YES;
				CLANG_ENABLE_OBJC_ARC = YES;
				CLANG_ENABLE_OBJC_WEAK = YES;
				CLANG_WARN_BLOCK_CAPTURE_AUTORELEASING = YES;
				CLANG_WARN_BOOL_CONVERSION = YES;
				CLANG_WARN_COMMA = YES;
				CLANG_WARN_CONSTANT_CONVERSION = YES;
				CLANG_WARN_DEPRECATED_OBJC_IMPLEMENTATIONS = YES;
				CLANG_WARN_DIRECT_OBJC_ISA_USAGE = YES_ERROR;
				CLANG_WARN_DOCUMENTATION_COMMENTS = YES;
				CLANG_WARN_EMPTY_BODY = YES;
				CLANG_WARN_ENUM_CONVERSION = YES;
				CLANG_WARN_INFINITE_RECURSION = YES;
				CLANG_WARN_INT_CONVERSION = YES;
				CLANG_WARN_NON_LITERAL_NULL_CONVERSION = YES;
				CLANG_WARN_OBJC_IMPLICIT_RETAIN_SELF = YES;
				CLANG_WARN_OBJC_LITERAL_CONVERSION = YES;
				CLANG_WARN_OBJC_ROOT_CLASS = YES_ERROR;
				CLANG_WARN_QUOTED_INCLUDE_IN_FRAMEWORK_HEADER = YES;
				CLANG_WARN_RANGE_LOOP_ANALYSIS = YES;
				CLANG_WARN_STRICT_PROTOTYPES = YES;
				CLANG_WARN_SUSPICIOUS_MOVE = YES;
				CLANG_WARN_UNGUARDED_AVAILABILITY = YES_AGGRESSIVE;
				CLANG_WARN_UNREACHABLE_CODE = YES;
				CLANG_WARN__DUPLICATE_METHOD_MATCH = YES;
				COPY_PHASE_STRIP = NO;
				DEBUG_INFORMATION_FORMAT = "dwarf-with-dsym";
				ENABLE_NS_ASSERTIONS = NO;
				ENABLE_STRICT_OBJC_MSGSEND = YES;
				GCC_C_LANGUAGE_STANDARD = gnu11;
				GCC_NO_COMMON_BLOCKS = YES;
				GCC_WARN_64_TO_32_BIT_CONVERSION = YES;
				GCC_WARN_ABOUT_RETURN_TYPE = YES_ERROR;
				GCC_WARN_UNDECLARED_SELECTOR = YES;
				GCC_WARN_UNINITIALIZED_AUTOS = YES_AGGRESSIVE;
				GCC_WARN_UNUSED_FUNCTION = YES;
				GCC_WARN_UNUSED_VARIABLE = YES;
				IPHONEOS_DEPLOYMENT_TARGET = 15.4;
				MTL_ENABLE_DEBUG_INFO = NO;
				MTL_FAST_MATH = YES;
				SDKROOT = iphoneos;
				SWIFT_COMPILATION_MODE = wholemodule;
				SWIFT_OPTIMIZATION_LEVEL = "-O";
				VALIDATE_PRODUCT = YES;
			};
			name = Release;
		};
		A03E47F92850FE8100C8B1FA /* Debug */ = {
			isa = XCBuildConfiguration;
			buildSettings = {
				ASSETCATALOG_COMPILER_APPICON_NAME = AppIcon;
				ASSETCATALOG_COMPILER_GLOBAL_ACCENT_COLOR_NAME = AccentColor;
				CODE_SIGN_STYLE = Automatic;
				CURRENT_PROJECT_VERSION = 1;
				DEVELOPMENT_TEAM = 883DK65VTV;
				GENERATE_INFOPLIST_FILE = YES;
				INFOPLIST_KEY_UIApplicationSupportsIndirectInputEvents = YES;
				INFOPLIST_KEY_UILaunchStoryboardName = LaunchScreen;
				INFOPLIST_KEY_UIMainStoryboardFile = Main;
				INFOPLIST_KEY_UIRequiresFullScreen = YES;
				INFOPLIST_KEY_UIStatusBarHidden = NO;
				INFOPLIST_KEY_UISupportedInterfaceOrientations = "UIInterfaceOrientationLandscapeLeft UIInterfaceOrientationLandscapeRight";
				INFOPLIST_KEY_UISupportedInterfaceOrientations_iPad = "UIInterfaceOrientationPortrait UIInterfaceOrientationPortraitUpsideDown UIInterfaceOrientationLandscapeLeft UIInterfaceOrientationLandscapeRight";
				INFOPLIST_KEY_UISupportedInterfaceOrientations_iPhone = "UIInterfaceOrientationPortrait UIInterfaceOrientationLandscapeLeft UIInterfaceOrientationLandscapeRight";
				LD_RUNPATH_SEARCH_PATHS = (
					"$(inherited)",
					"@executable_path/Frameworks",
				);
				MARKETING_VERSION = 1.0;
				PRODUCT_BUNDLE_IDENTIFIER = ephs2022.ninjagame;
				PRODUCT_NAME = "$(TARGET_NAME)";
				SWIFT_EMIT_LOC_STRINGS = YES;
				SWIFT_VERSION = 5.0;
				TARGETED_DEVICE_FAMILY = "1,2";
			};
			name = Debug;
		};
		A03E47FA2850FE8100C8B1FA /* Release */ = {
			isa = XCBuildConfiguration;
			buildSettings = {
				ASSETCATALOG_COMPILER_APPICON_NAME = AppIcon;
				ASSETCATALOG_COMPILER_GLOBAL_ACCENT_COLOR_NAME = AccentColor;
				CODE_SIGN_STYLE = Automatic;
				CURRENT_PROJECT_VERSION = 1;
				DEVELOPMENT_TEAM = 883DK65VTV;
				GENERATE_INFOPLIST_FILE = YES;
				INFOPLIST_KEY_UIApplicationSupportsIndirectInputEvents = YES;
				INFOPLIST_KEY_UILaunchStoryboardName = LaunchScreen;
				INFOPLIST_KEY_UIMainStoryboardFile = Main;
				INFOPLIST_KEY_UIRequiresFullScreen = YES;
				INFOPLIST_KEY_UIStatusBarHidden = NO;
				INFOPLIST_KEY_UISupportedInterfaceOrientations = "UIInterfaceOrientationLandscapeLeft UIInterfaceOrientationLandscapeRight";
				INFOPLIST_KEY_UISupportedInterfaceOrientations_iPad = "UIInterfaceOrientationPortrait UIInterfaceOrientationPortraitUpsideDown UIInterfaceOrientationLandscapeLeft UIInterfaceOrientationLandscapeRight";
				INFOPLIST_KEY_UISupportedInterfaceOrientations_iPhone = "UIInterfaceOrientationPortrait UIInterfaceOrientationLandscapeLeft UIInterfaceOrientationLandscapeRight";
				LD_RUNPATH_SEARCH_PATHS = (
					"$(inherited)",
					"@executable_path/Frameworks",
				);
				MARKETING_VERSION = 1.0;
				PRODUCT_BUNDLE_IDENTIFIER = ephs2022.ninjagame;
				PRODUCT_NAME = "$(TARGET_NAME)";
				SWIFT_EMIT_LOC_STRINGS = YES;
				SWIFT_VERSION = 5.0;
				TARGETED_DEVICE_FAMILY = "1,2";
			};
			name = Release;
		};
/* End XCBuildConfiguration section */

/* Begin XCConfigurationList section */
		A03E47DC2850FE7D00C8B1FA /* Build configuration list for PBXProject "Falzone 2" */ = {
			isa = XCConfigurationList;
			buildConfigurations = (
				A03E47F62850FE8100C8B1FA /* Debug */,
				A03E47F72850FE8100C8B1FA /* Release */,
			);
			defaultConfigurationIsVisible = 0;
			defaultConfigurationName = Release;
		};
		A03E47F82850FE8100C8B1FA /* Build configuration list for PBXNativeTarget "Falzone 2" */ = {
			isa = XCConfigurationList;
			buildConfigurations = (
				A03E47F92850FE8100C8B1FA /* Debug */,
				A03E47FA2850FE8100C8B1FA /* Release */,
			);
			defaultConfigurationIsVisible = 0;
			defaultConfigurationName = Release;
		};
/* End XCConfigurationList section */
	};
	rootObject = A03E47D92850FE7D00C8B1FA /* Project object */;
}
